{
  "name": "kf8-backend-fixed",
  "version": "1.0.0",
  "lockfileVersion": 3,
  "requires": true,
  "packages": {
    "": {
      "name": "kf8-backend-fixed",
      "version": "1.0.0",
      "dependencies": {
        "bcrypt": "6.0.0",
        "cors": "2.8.6",
        "dotenv": "17.4.2",
        "express": "4.22.2",
        "jsonwebtoken": "9.0.3",
        "mongoose": "8.24.2",
        "playwright": "1.55.0"
      },
      "engines": {
        "node": ">=20"
      }
    }
  }
}
